
Microsoft Visual Studio Solution File, Format Version 12.00
# Visual Studio Version 16
VisualStudioVersion = 16.0.29324.140
MinimumVisualStudioVersion = 10.0.40219.1
Project("{9A19103F-16F7-4668-BE54-9A1E7A4F7556}") = "GeoScenery", "GeoScenery\GeoScenery.csproj", "{10C4C6A8-1D4C-4752-9BB6-B06F39495F27}"
EndProject
Project("{9A19103F-16F7-4668-BE54-9A1E7A4F7556}") = "GeoScenery.Api", "GeoScenery.Api\GeoScenery.Api.csproj", "{1B86C2BC-16F7-486C-B646-E1D9C463140B}"
EndProject
Global
	GlobalSection(SolutionConfigurationPlatforms) = preSolution
		Debug|Any CPU = Debug|Any CPU
		Release|Any CPU = Release|Any CPU
	EndGlobalSection
	GlobalSection(ProjectConfigurationPlatforms) = postSolution
		{10C4C6A8-1D4C-4752-9BB6-B06F39495F27}.Debug|Any CPU.ActiveCfg = Debug|Any CPU
		{10C4C6A8-1D4C-4752-9BB6-B06F39495F27}.Debug|Any CPU.Build.0 = Debug|Any CPU
		{10C4C6A8-1D4C-4752-9BB6-B06F39495F27}.Release|Any CPU.ActiveCfg = Release|Any CPU
		{10C4C6A8-1D4C-4752-9BB6-B06F39495F27}.Release|Any CPU.Build.0 = Release|Any CPU
		{1B86C2BC-16F7-486C-B646-E1D9C463140B}.Debug|Any CPU.ActiveCfg = Debug|Any CPU
		{1B86C2BC-16F7-486C-B646-E1D9C463140B}.Debug|Any CPU.Build.0 = Debug|Any CPU
		{1B86C2BC-16F7-486C-B646-E1D9C463140B}.Release|Any CPU.ActiveCfg = Release|Any CPU
		{1B86C2BC-16F7-486C-B646-E1D9C463140B}.Release|Any CPU.Build.0 = Release|Any CPU
	EndGlobalSection
	GlobalSection(SolutionProperties) = preSolution
		HideSolutionNode = FALSE
	EndGlobalSection
	GlobalSection(ExtensibilityGlobals) = postSolution
		SolutionGuid = {3FF3A2B0-1034-4A19-8D78-BA8A290AECB8}
	EndGlobalSection
EndGlobal
